// !$*UTF8*$!
{
	archiveVersion = 1;
	classes = {
	};
	objectVersion = 56;
	objects = {

/* Begin PBXBuildFile section */
		89D199642B95139300CEB73F /* UICollectionViewCell.swift in Sources */ = {isa = PBXBuildFile; fileRef = 89D199632B95139300CEB73F /* UICollectionViewCell.swift */; };
		89D199662B9513D000CEB73F /* UICollectionView.swift in Sources */ = {isa = PBXBuildFile; fileRef = 89D199652B9513D000CEB73F /* UICollectionView.swift */; };
		89D199712B95187800CEB73F /* Constraints.swift in Sources */ = {isa = PBXBuildFile; fileRef = 89D199702B95187800CEB73F /* Constraints.swift */; };
		89D199732B9519A100CEB73F /* UIView.swift in Sources */ = {isa = PBXBuildFile; fileRef = 89D199722B9519A100CEB73F /* UIView.swift */; };
		89D199752B951B7F00CEB73F /* UIColor.swift in Sources */ = {isa = PBXBuildFile; fileRef = 89D199742B951B7F00CEB73F /* UIColor.swift */; };
		89D199A42B967F7F00CEB73F /* TabBarController.swift in Sources */ = {isa = PBXBuildFile; fileRef = 89D199A32B967F7F00CEB73F /* TabBarController.swift */; };
		89D199DC2B969D3300CEB73F /* ImageCacheManager.swift in Sources */ = {isa = PBXBuildFile; fileRef = 89D199DB2B969D3300CEB73F /* ImageCacheManager.swift */; };
		89D199F82B9798DF00CEB73F /* HomeController.swift in Sources */ = {isa = PBXBuildFile; fileRef = 89D199F72B9798DF00CEB73F /* HomeController.swift */; };
		89D199FA2B97991900CEB73F /* ProfileController.swift in Sources */ = {isa = PBXBuildFile; fileRef = 89D199F92B97991900CEB73F /* ProfileController.swift */; };
		89D19A0E2B97A4BC00CEB73F /* User.swift in Sources */ = {isa = PBXBuildFile; fileRef = 89D19A0D2B97A4BC00CEB73F /* User.swift */; };
		89D19A102B97A6C100CEB73F /* data.swift in Sources */ = {isa = PBXBuildFile; fileRef = 89D19A0F2B97A6C100CEB73F /* data.swift */; };
		89D19A172B97C21B00CEB73F /* Stories.swift in Sources */ = {isa = PBXBuildFile; fileRef = 89D19A162B97C21B00CEB73F /* Stories.swift */; };
		89D19A192B97C22300CEB73F /* Story.swift in Sources */ = {isa = PBXBuildFile; fileRef = 89D19A182B97C22300CEB73F /* Story.swift */; };
		89D19A1F2B97C48B00CEB73F /* StoriesViewModel.swift in Sources */ = {isa = PBXBuildFile; fileRef = 89D19A1E2B97C48B00CEB73F /* StoriesViewModel.swift */; };
		89D19A212B97C4C400CEB73F /* StoriesView.swift in Sources */ = {isa = PBXBuildFile; fileRef = 89D19A202B97C4C400CEB73F /* StoriesView.swift */; };
		89D19A232B97C52C00CEB73F /* StoriesRoundedView.swift in Sources */ = {isa = PBXBuildFile; fileRef = 89D19A222B97C52C00CEB73F /* StoriesRoundedView.swift */; };
		89D19A252B97C71100CEB73F /* StoriesPresenterController.swift in Sources */ = {isa = PBXBuildFile; fileRef = 89D19A242B97C71100CEB73F /* StoriesPresenterController.swift */; };
		89D19A282B97C8EC00CEB73F /* StoriesPreviewView.swift in Sources */ = {isa = PBXBuildFile; fileRef = 89D19A272B97C8EC00CEB73F /* StoriesPreviewView.swift */; };
		89D19A2C2B97CC7700CEB73F /* StoriesMeView.swift in Sources */ = {isa = PBXBuildFile; fileRef = 89D19A2B2B97CC7700CEB73F /* StoriesMeView.swift */; };
		89DF25A82B93496B00BF8F21 /* AppDelegate.swift in Sources */ = {isa = PBXBuildFile; fileRef = 89DF25A72B93496B00BF8F21 /* AppDelegate.swift */; };
		89DF25AA2B93496B00BF8F21 /* SceneDelegate.swift in Sources */ = {isa = PBXBuildFile; fileRef = 89DF25A92B93496B00BF8F21 /* SceneDelegate.swift */; };
		89DF25B12B93496C00BF8F21 /* Assets.xcassets in Resources */ = {isa = PBXBuildFile; fileRef = 89DF25B02B93496C00BF8F21 /* Assets.xcassets */; };
		89DF25B42B93496C00BF8F21 /* LaunchScreen.storyboard in Resources */ = {isa = PBXBuildFile; fileRef = 89DF25B22B93496C00BF8F21 /* LaunchScreen.storyboard */; };
/* End PBXBuildFile section */

/* Begin PBXFileReference section */
		89D199632B95139300CEB73F /* UICollectionViewCell.swift */ = {isa = PBXFileReference; lastKnownFileType = sourcecode.swift; path = UICollectionViewCell.swift; sourceTree = "<group>"; };
		89D199652B9513D000CEB73F /* UICollectionView.swift */ = {isa = PBXFileReference; lastKnownFileType = sourcecode.swift; path = UICollectionView.swift; sourceTree = "<group>"; };
		89D199702B95187800CEB73F /* Constraints.swift */ = {isa = PBXFileReference; lastKnownFileType = sourcecode.swift; path = Constraints.swift; sourceTree = "<group>"; };
		89D199722B9519A100CEB73F /* UIView.swift */ = {isa = PBXFileReference; lastKnownFileType = sourcecode.swift; path = UIView.swift; sourceTree = "<group>"; };
		89D199742B951B7F00CEB73F /* UIColor.swift */ = {isa = PBXFileReference; lastKnownFileType = sourcecode.swift; path = UIColor.swift; sourceTree = "<group>"; };
		89D199A32B967F7F00CEB73F /* TabBarController.swift */ = {isa = PBXFileReference; lastKnownFileType = sourcecode.swift; path = TabBarController.swift; sourceTree = "<group>"; };
		89D199DB2B969D3300CEB73F /* ImageCacheManager.swift */ = {isa = PBXFileReference; lastKnownFileType = sourcecode.swift; path = ImageCacheManager.swift; sourceTree = "<group>"; };
		89D199F72B9798DF00CEB73F /* HomeController.swift */ = {isa = PBXFileReference; lastKnownFileType = sourcecode.swift; path = HomeController.swift; sourceTree = "<group>"; };
		89D199F92B97991900CEB73F /* ProfileController.swift */ = {isa = PBXFileReference; lastKnownFileType = sourcecode.swift; path = ProfileController.swift; sourceTree = "<group>"; };
		89D19A0D2B97A4BC00CEB73F /* User.swift */ = {isa = PBXFileReference; lastKnownFileType = sourcecode.swift; name = User.swift; path = ../../../../../../../../Documents/User.swift; sourceTree = "<group>"; };
		89D19A0F2B97A6C100CEB73F /* data.swift */ = {isa = PBXFileReference; lastKnownFileType = sourcecode.swift; path = data.swift; sourceTree = "<group>"; };
		89D19A162B97C21B00CEB73F /* Stories.swift */ = {isa = PBXFileReference; lastKnownFileType = sourcecode.swift; path = Stories.swift; sourceTree = "<group>"; };
		89D19A182B97C22300CEB73F /* Story.swift */ = {isa = PBXFileReference; lastKnownFileType = sourcecode.swift; path = Story.swift; sourceTree = "<group>"; };
		89D19A1E2B97C48B00CEB73F /* StoriesViewModel.swift */ = {isa = PBXFileReference; lastKnownFileType = sourcecode.swift; path = StoriesViewModel.swift; sourceTree = "<group>"; };
		89D19A202B97C4C400CEB73F /* StoriesView.swift */ = {isa = PBXFileReference; lastKnownFileType = sourcecode.swift; path = StoriesView.swift; sourceTree = "<group>"; };
		89D19A222B97C52C00CEB73F /* StoriesRoundedView.swift */ = {isa = PBXFileReference; lastKnownFileType = sourcecode.swift; path = StoriesRoundedView.swift; sourceTree = "<group>"; };
		89D19A242B97C71100CEB73F /* StoriesPresenterController.swift */ = {isa = PBXFileReference; lastKnownFileType = sourcecode.swift; path = StoriesPresenterController.swift; sourceTree = "<group>"; };
		89D19A272B97C8EC00CEB73F /* StoriesPreviewView.swift */ = {isa = PBXFileReference; lastKnownFileType = sourcecode.swift; path = StoriesPreviewView.swift; sourceTree = "<group>"; };
		89D19A2B2B97CC7700CEB73F /* StoriesMeView.swift */ = {isa = PBXFileReference; lastKnownFileType = sourcecode.swift; path = StoriesMeView.swift; sourceTree = "<group>"; };
		89DF25A42B93496B00BF8F21 /* arlnc-iOS.app */ = {isa = PBXFileReference; explicitFileType = wrapper.application; includeInIndex = 0; path = "arlnc-iOS.app"; sourceTree = BUILT_PRODUCTS_DIR; };
		89DF25A72B93496B00BF8F21 /* AppDelegate.swift */ = {isa = PBXFileReference; lastKnownFileType = sourcecode.swift; path = AppDelegate.swift; sourceTree = "<group>"; };
		89DF25A92B93496B00BF8F21 /* SceneDelegate.swift */ = {isa = PBXFileReference; lastKnownFileType = sourcecode.swift; path = SceneDelegate.swift; sourceTree = "<group>"; };
		89DF25B02B93496C00BF8F21 /* Assets.xcassets */ = {isa = PBXFileReference; lastKnownFileType = folder.assetcatalog; path = Assets.xcassets; sourceTree = "<group>"; };
		89DF25B32B93496C00BF8F21 /* Base */ = {isa = PBXFileReference; lastKnownFileType = file.storyboard; name = Base; path = Base.lproj/LaunchScreen.storyboard; sourceTree = "<group>"; };
		89DF25B52B93496C00BF8F21 /* Info.plist */ = {isa = PBXFileReference; lastKnownFileType = text.plist.xml; path = Info.plist; sourceTree = "<group>"; };
/* End PBXFileReference section */

/* Begin PBXFrameworksBuildPhase section */
		89DF25A12B93496B00BF8F21 /* Frameworks */ = {
			isa = PBXFrameworksBuildPhase;
			buildActionMask = 2147483647;
			files = (
			);
			runOnlyForDeploymentPostprocessing = 0;
		};
/* End PBXFrameworksBuildPhase section */

/* Begin PBXGroup section */
		89D199BF2B96915A00CEB73F /* App */ = {
			isa = PBXGroup;
			children = (
				89D199C12B96917600CEB73F /* Main */,
				89D199C02B96916A00CEB73F /* Extension */,
				89D199C22B96919B00CEB73F /* Resource */,
				89DF25A72B93496B00BF8F21 /* AppDelegate.swift */,
				89DF25A92B93496B00BF8F21 /* SceneDelegate.swift */,
				89D19A0F2B97A6C100CEB73F /* data.swift */,
			);
			path = App;
			sourceTree = "<group>";
		};
		89D199C02B96916A00CEB73F /* Extension */ = {
			isa = PBXGroup;
			children = (
				89D19A112B97AAA500CEB73F /* Stories */,
				89D19A0B2B97A44B00CEB73F /* Account */,
				89D199632B95139300CEB73F /* UICollectionViewCell.swift */,
				89D199652B9513D000CEB73F /* UICollectionView.swift */,
				89D199702B95187800CEB73F /* Constraints.swift */,
				89D199722B9519A100CEB73F /* UIView.swift */,
				89D199742B951B7F00CEB73F /* UIColor.swift */,
				89D199DB2B969D3300CEB73F /* ImageCacheManager.swift */,
			);
			path = Extension;
			sourceTree = "<group>";
		};
		89D199C12B96917600CEB73F /* Main */ = {
			isa = PBXGroup;
			children = (
				89D199FC2B979A6300CEB73F /* Profile */,
				89D199FB2B979A5B00CEB73F /* Home */,
				89D199A32B967F7F00CEB73F /* TabBarController.swift */,
			);
			path = Main;
			sourceTree = "<group>";
		};
		89D199C22B96919B00CEB73F /* Resource */ = {
			isa = PBXGroup;
			children = (
				89DF25B02B93496C00BF8F21 /* Assets.xcassets */,
				89DF25B22B93496C00BF8F21 /* LaunchScreen.storyboard */,
				89DF25B52B93496C00BF8F21 /* Info.plist */,
			);
			path = Resource;
			sourceTree = "<group>";
		};
		89D199FB2B979A5B00CEB73F /* Home */ = {
			isa = PBXGroup;
			children = (
				89D19A042B979A9700CEB73F /* Controller */,
				89D19A032B979A9200CEB73F /* Model */,
				89D19A022B979A8B00CEB73F /* ViewModel */,
				89D19A012B979A8600CEB73F /* View */,
			);
			path = Home;
			sourceTree = "<group>";
		};
		89D199FC2B979A6300CEB73F /* Profile */ = {
			isa = PBXGroup;
			children = (
				89D19A002B979A7D00CEB73F /* Controller */,
				89D199FF2B979A7800CEB73F /* Model */,
				89D199FE2B979A7000CEB73F /* ViewModel */,
				89D199FD2B979A6A00CEB73F /* View */,
			);
			path = Profile;
			sourceTree = "<group>";
		};
		89D199FD2B979A6A00CEB73F /* View */ = {
			isa = PBXGroup;
			children = (
			);
			path = View;
			sourceTree = "<group>";
		};
		89D199FE2B979A7000CEB73F /* ViewModel */ = {
			isa = PBXGroup;
			children = (
			);
			path = ViewModel;
			sourceTree = "<group>";
		};
		89D199FF2B979A7800CEB73F /* Model */ = {
			isa = PBXGroup;
			children = (
			);
			path = Model;
			sourceTree = "<group>";
		};
		89D19A002B979A7D00CEB73F /* Controller */ = {
			isa = PBXGroup;
			children = (
				89D199F92B97991900CEB73F /* ProfileController.swift */,
			);
			path = Controller;
			sourceTree = "<group>";
		};
		89D19A012B979A8600CEB73F /* View */ = {
			isa = PBXGroup;
			children = (
			);
			path = View;
			sourceTree = "<group>";
		};
		89D19A022B979A8B00CEB73F /* ViewModel */ = {
			isa = PBXGroup;
			children = (
			);
			path = ViewModel;
			sourceTree = "<group>";
		};
		89D19A032B979A9200CEB73F /* Model */ = {
			isa = PBXGroup;
			children = (
			);
			path = Model;
			sourceTree = "<group>";
		};
		89D19A042B979A9700CEB73F /* Controller */ = {
			isa = PBXGroup;
			children = (
				89D199F72B9798DF00CEB73F /* HomeController.swift */,
			);
			path = Controller;
			sourceTree = "<group>";
		};
		89D19A0B2B97A44B00CEB73F /* Account */ = {
			isa = PBXGroup;
			children = (
				89D19A0C2B97A46F00CEB73F /* Model */,
			);
			path = Account;
			sourceTree = "<group>";
		};
		89D19A0C2B97A46F00CEB73F /* Model */ = {
			isa = PBXGroup;
			children = (
				89D19A0D2B97A4BC00CEB73F /* User.swift */,
			);
			path = Model;
			sourceTree = "<group>";
		};
		89D19A112B97AAA500CEB73F /* Stories */ = {
			isa = PBXGroup;
			children = (
				89D19A152B97AAD500CEB73F /* Controller */,
				89D19A142B97AACF00CEB73F /* Model */,
				89D19A132B97AAC700CEB73F /* ViewModel */,
				89D19A122B97AAC200CEB73F /* View */,
			);
			path = Stories;
			sourceTree = "<group>";
		};
		89D19A122B97AAC200CEB73F /* View */ = {
			isa = PBXGroup;
			children = (
				89D19A262B97C8DE00CEB73F /* Preview */,
				89D19A202B97C4C400CEB73F /* StoriesView.swift */,
				89D19A222B97C52C00CEB73F /* StoriesRoundedView.swift */,
				89D19A2B2B97CC7700CEB73F /* StoriesMeView.swift */,
			);
			path = View;
			sourceTree = "<group>";
		};
		89D19A132B97AAC700CEB73F /* ViewModel */ = {
			isa = PBXGroup;
			children = (
				89D19A1E2B97C48B00CEB73F /* StoriesViewModel.swift */,
			);
			path = ViewModel;
			sourceTree = "<group>";
		};
		89D19A142B97AACF00CEB73F /* Model */ = {
			isa = PBXGroup;
			children = (
				89D19A162B97C21B00CEB73F /* Stories.swift */,
				89D19A182B97C22300CEB73F /* Story.swift */,
			);
			path = Model;
			sourceTree = "<group>";
		};
		89D19A152B97AAD500CEB73F /* Controller */ = {
			isa = PBXGroup;
			children = (
				89D19A242B97C71100CEB73F /* StoriesPresenterController.swift */,
			);
			path = Controller;
			sourceTree = "<group>";
		};
		89D19A262B97C8DE00CEB73F /* Preview */ = {
			isa = PBXGroup;
			children = (
				89D19A272B97C8EC00CEB73F /* StoriesPreviewView.swift */,
			);
			path = Preview;
			sourceTree = "<group>";
		};
		89DF259B2B93496B00BF8F21 = {
			isa = PBXGroup;
			children = (
				89DF25A62B93496B00BF8F21 /* arlnc-iOS */,
				89DF25A52B93496B00BF8F21 /* Products */,
			);
			sourceTree = "<group>";
		};
		89DF25A52B93496B00BF8F21 /* Products */ = {
			isa = PBXGroup;
			children = (
				89DF25A42B93496B00BF8F21 /* arlnc-iOS.app */,
			);
			name = Products;
			sourceTree = "<group>";
		};
		89DF25A62B93496B00BF8F21 /* arlnc-iOS */ = {
			isa = PBXGroup;
			children = (
				89D199BF2B96915A00CEB73F /* App */,
			);
			path = "arlnc-iOS";
			sourceTree = "<group>";
		};
/* End PBXGroup section */

/* Begin PBXNativeTarget section */
		89DF25A32B93496B00BF8F21 /* arlnc-iOS */ = {
			isa = PBXNativeTarget;
			buildConfigurationList = 89DF25B82B93496C00BF8F21 /* Build configuration list for PBXNativeTarget "arlnc-iOS" */;
			buildPhases = (
				89DF25A02B93496B00BF8F21 /* Sources */,
				89DF25A12B93496B00BF8F21 /* Frameworks */,
				89DF25A22B93496B00BF8F21 /* Resources */,
			);
			buildRules = (
			);
			dependencies = (
			);
			name = "arlnc-iOS";
			productName = "arlnc-iOS";
			productReference = 89DF25A42B93496B00BF8F21 /* arlnc-iOS.app */;
			productType = "com.apple.product-type.application";
		};
/* End PBXNativeTarget section */

/* Begin PBXProject section */
		89DF259C2B93496B00BF8F21 /* Project object */ = {
			isa = PBXProject;
			attributes = {
				BuildIndependentTargetsInParallel = 1;
				LastSwiftUpdateCheck = 1520;
				LastUpgradeCheck = 1520;
				TargetAttributes = {
					89DF25A32B93496B00BF8F21 = {
						CreatedOnToolsVersion = 15.2;
					};
				};
			};
			buildConfigurationList = 89DF259F2B93496B00BF8F21 /* Build configuration list for PBXProject "arlnc-iOS" */;
			compatibilityVersion = "Xcode 14.0";
			developmentRegion = en;
			hasScannedForEncodings = 0;
			knownRegions = (
				en,
				Base,
			);
			mainGroup = 89DF259B2B93496B00BF8F21;
			productRefGroup = 89DF25A52B93496B00BF8F21 /* Products */;
			projectDirPath = "";
			projectRoot = "";
			targets = (
				89DF25A32B93496B00BF8F21 /* arlnc-iOS */,
			);
		};
/* End PBXProject section */

/* Begin PBXResourcesBuildPhase section */
		89DF25A22B93496B00BF8F21 /* Resources */ = {
			isa = PBXResourcesBuildPhase;
			buildActionMask = 2147483647;
			files = (
				89DF25B42B93496C00BF8F21 /* LaunchScreen.storyboard in Resources */,
				89DF25B12B93496C00BF8F21 /* Assets.xcassets in Resources */,
			);
			runOnlyForDeploymentPostprocessing = 0;
		};
/* End PBXResourcesBuildPhase section */

/* Begin PBXSourcesBuildPhase section */
		89DF25A02B93496B00BF8F21 /* Sources */ = {
			isa = PBXSourcesBuildPhase;
			buildActionMask = 2147483647;
			files = (
				89D19A2C2B97CC7700CEB73F /* StoriesMeView.swift in Sources */,
				89D19A1F2B97C48B00CEB73F /* StoriesViewModel.swift in Sources */,
				89D199662B9513D000CEB73F /* UICollectionView.swift in Sources */,
				89D19A212B97C4C400CEB73F /* StoriesView.swift in Sources */,
				89D199A42B967F7F00CEB73F /* TabBarController.swift in Sources */,
				89D199712B95187800CEB73F /* Constraints.swift in Sources */,
				89D199FA2B97991900CEB73F /* ProfileController.swift in Sources */,
				89D19A252B97C71100CEB73F /* StoriesPresenterController.swift in Sources */,
				89DF25A82B93496B00BF8F21 /* AppDelegate.swift in Sources */,
				89D199642B95139300CEB73F /* UICollectionViewCell.swift in Sources */,
				89D19A282B97C8EC00CEB73F /* StoriesPreviewView.swift in Sources */,
				89D199732B9519A100CEB73F /* UIView.swift in Sources */,
				89D19A232B97C52C00CEB73F /* StoriesRoundedView.swift in Sources */,
				89DF25AA2B93496B00BF8F21 /* SceneDelegate.swift in Sources */,
				89D19A102B97A6C100CEB73F /* data.swift in Sources */,
				89D19A0E2B97A4BC00CEB73F /* User.swift in Sources */,
				89D199DC2B969D3300CEB73F /* ImageCacheManager.swift in Sources */,
				89D199752B951B7F00CEB73F /* UIColor.swift in Sources */,
				89D199F82B9798DF00CEB73F /* HomeController.swift in Sources */,
				89D19A172B97C21B00CEB73F /* Stories.swift in Sources */,
				89D19A192B97C22300CEB73F /* Story.swift in Sources */,
			);
			runOnlyForDeploymentPostprocessing = 0;
		};
/* End PBXSourcesBuildPhase section */

/* Begin PBXVariantGroup section */
		89DF25B22B93496C00BF8F21 /* LaunchScreen.storyboard */ = {
			isa = PBXVariantGroup;
			children = (
				89DF25B32B93496C00BF8F21 /* Base */,
			);
			name = LaunchScreen.storyboard;
			sourceTree = "<group>";
		};
/* End PBXVariantGroup section */

/* Begin XCBuildConfiguration section */
		89DF25B62B93496C00BF8F21 /* Debug */ = {
			isa = XCBuildConfiguration;
			buildSettings = {
				ALWAYS_SEARCH_USER_PATHS = NO;
				ASSETCATALOG_COMPILER_GENERATE_SWIFT_ASSET_SYMBOL_EXTENSIONS = YES;
				CLANG_ANALYZER_NONNULL = YES;
				CLANG_ANALYZER_NUMBER_OBJECT_CONVERSION = YES_AGGRESSIVE;
				CLANG_CXX_LANGUAGE_STANDARD = "gnu++20";
				CLANG_ENABLE_MODULES = YES;
				CLANG_ENABLE_OBJC_ARC = YES;
				CLANG_ENABLE_OBJC_WEAK = YES;
				CLANG_WARN_BLOCK_CAPTURE_AUTORELEASING = YES;
				CLANG_WARN_BOOL_CONVERSION = YES;
				CLANG_WARN_COMMA = YES;
				CLANG_WARN_CONSTANT_CONVERSION = YES;
				CLANG_WARN_DEPRECATED_OBJC_IMPLEMENTATIONS = YES;
				CLANG_WARN_DIRECT_OBJC_ISA_USAGE = YES_ERROR;
				CLANG_WARN_DOCUMENTATION_COMMENTS = YES;
				CLANG_WARN_EMPTY_BODY = YES;
				CLANG_WARN_ENUM_CONVERSION = YES;
				CLANG_WARN_INFINITE_RECURSION = YES;
				CLANG_WARN_INT_CONVERSION = YES;
				CLANG_WARN_NON_LITERAL_NULL_CONVERSION = YES;
				CLANG_WARN_OBJC_IMPLICIT_RETAIN_SELF = YES;
				CLANG_WARN_OBJC_LITERAL_CONVERSION = YES;
				CLANG_WARN_OBJC_ROOT_CLASS = YES_ERROR;
				CLANG_WARN_QUOTED_INCLUDE_IN_FRAMEWORK_HEADER = YES;
				CLANG_WARN_RANGE_LOOP_ANALYSIS = YES;
				CLANG_WARN_STRICT_PROTOTYPES = YES;
				CLANG_WARN_SUSPICIOUS_MOVE = YES;
				CLANG_WARN_UNGUARDED_AVAILABILITY = YES_AGGRESSIVE;
				CLANG_WARN_UNREACHABLE_CODE = YES;
				CLANG_WARN__DUPLICATE_METHOD_MATCH = YES;
				COPY_PHASE_STRIP = NO;
				DEBUG_INFORMATION_FORMAT = dwarf;
				ENABLE_STRICT_OBJC_MSGSEND = YES;
				ENABLE_TESTABILITY = YES;
				ENABLE_USER_SCRIPT_SANDBOXING = YES;
				GCC_C_LANGUAGE_STANDARD = gnu17;
				GCC_DYNAMIC_NO_PIC = NO;
				GCC_NO_COMMON_BLOCKS = YES;
				GCC_OPTIMIZATION_LEVEL = 0;
				GCC_PREPROCESSOR_DEFINITIONS = (
					"DEBUG=1",
					"$(inherited)",
				);
				GCC_WARN_64_TO_32_BIT_CONVERSION = YES;
				GCC_WARN_ABOUT_RETURN_TYPE = YES_ERROR;
				GCC_WARN_UNDECLARED_SELECTOR = YES;
				GCC_WARN_UNINITIALIZED_AUTOS = YES_AGGRESSIVE;
				GCC_WARN_UNUSED_FUNCTION = YES;
				GCC_WARN_UNUSED_VARIABLE = YES;
				IPHONEOS_DEPLOYMENT_TARGET = 17.2;
				LOCALIZATION_PREFERS_STRING_CATALOGS = YES;
				MTL_ENABLE_DEBUG_INFO = INCLUDE_SOURCE;
				MTL_FAST_MATH = YES;
				ONLY_ACTIVE_ARCH = YES;
				SDKROOT = iphoneos;
				SWIFT_ACTIVE_COMPILATION_CONDITIONS = "DEBUG $(inherited)";
				SWIFT_OPTIMIZATION_LEVEL = "-Onone";
			};
			name = Debug;
		};
		89DF25B72B93496C00BF8F21 /* Release */ = {
			isa = XCBuildConfiguration;
			buildSettings = {
				ALWAYS_SEARCH_USER_PATHS = NO;
				ASSETCATALOG_COMPILER_GENERATE_SWIFT_ASSET_SYMBOL_EXTENSIONS = YES;
				CLANG_ANALYZER_NONNULL = YES;
				CLANG_ANALYZER_NUMBER_OBJECT_CONVERSION = YES_AGGRESSIVE;
				CLANG_CXX_LANGUAGE_STANDARD = "gnu++20";
				CLANG_ENABLE_MODULES = YES;
				CLANG_ENABLE_OBJC_ARC = YES;
				CLANG_ENABLE_OBJC_WEAK = YES;
				CLANG_WARN_BLOCK_CAPTURE_AUTORELEASING = YES;
				CLANG_WARN_BOOL_CONVERSION = YES;
				CLANG_WARN_COMMA = YES;
				CLANG_WARN_CONSTANT_CONVERSION = YES;
				CLANG_WARN_DEPRECATED_OBJC_IMPLEMENTATIONS = YES;
				CLANG_WARN_DIRECT_OBJC_ISA_USAGE = YES_ERROR;
				CLANG_WARN_DOCUMENTATION_COMMENTS = YES;
				CLANG_WARN_EMPTY_BODY = YES;
				CLANG_WARN_ENUM_CONVERSION = YES;
				CLANG_WARN_INFINITE_RECURSION = YES;
				CLANG_WARN_INT_CONVERSION = YES;
				CLANG_WARN_NON_LITERAL_NULL_CONVERSION = YES;
				CLANG_WARN_OBJC_IMPLICIT_RETAIN_SELF = YES;
				CLANG_WARN_OBJC_LITERAL_CONVERSION = YES;
				CLANG_WARN_OBJC_ROOT_CLASS = YES_ERROR;
				CLANG_WARN_QUOTED_INCLUDE_IN_FRAMEWORK_HEADER = YES;
				CLANG_WARN_RANGE_LOOP_ANALYSIS = YES;
				CLANG_WARN_STRICT_PROTOTYPES = YES;
				CLANG_WARN_SUSPICIOUS_MOVE = YES;
				CLANG_WARN_UNGUARDED_AVAILABILITY = YES_AGGRESSIVE;
				CLANG_WARN_UNREACHABLE_CODE = YES;
				CLANG_WARN__DUPLICATE_METHOD_MATCH = YES;
				COPY_PHASE_STRIP = NO;
				DEBUG_INFORMATION_FORMAT = "dwarf-with-dsym";
				ENABLE_NS_ASSERTIONS = NO;
				ENABLE_STRICT_OBJC_MSGSEND = YES;
				ENABLE_USER_SCRIPT_SANDBOXING = YES;
				GCC_C_LANGUAGE_STANDARD = gnu17;
				GCC_NO_COMMON_BLOCKS = YES;
				GCC_WARN_64_TO_32_BIT_CONVERSION = YES;
				GCC_WARN_ABOUT_RETURN_TYPE = YES_ERROR;
				GCC_WARN_UNDECLARED_SELECTOR = YES;
				GCC_WARN_UNINITIALIZED_AUTOS = YES_AGGRESSIVE;
				GCC_WARN_UNUSED_FUNCTION = YES;
				GCC_WARN_UNUSED_VARIABLE = YES;
				IPHONEOS_DEPLOYMENT_TARGET = 17.2;
				LOCALIZATION_PREFERS_STRING_CATALOGS = YES;
				MTL_ENABLE_DEBUG_INFO = NO;
				MTL_FAST_MATH = YES;
				SDKROOT = iphoneos;
				SWIFT_COMPILATION_MODE = wholemodule;
				VALIDATE_PRODUCT = YES;
			};
			name = Release;
		};
		89DF25B92B93496C00BF8F21 /* Debug */ = {
			isa = XCBuildConfiguration;
			buildSettings = {
				ASSETCATALOG_COMPILER_APPICON_NAME = AppIcon;
				ASSETCATALOG_COMPILER_GLOBAL_ACCENT_COLOR_NAME = AccentColor;
				CODE_SIGN_STYLE = Automatic;
				CURRENT_PROJECT_VERSION = 1;
				DEVELOPMENT_TEAM = K682D44QJG;
				GENERATE_INFOPLIST_FILE = YES;
				INFOPLIST_FILE = "arlnc-iOS/App/Resource/Info.plist";
				INFOPLIST_KEY_UIApplicationSupportsIndirectInputEvents = YES;
				INFOPLIST_KEY_UILaunchStoryboardName = LaunchScreen;
				INFOPLIST_KEY_UISupportedInterfaceOrientations_iPad = "UIInterfaceOrientationPortrait UIInterfaceOrientationPortraitUpsideDown UIInterfaceOrientationLandscapeLeft UIInterfaceOrientationLandscapeRight";
				INFOPLIST_KEY_UISupportedInterfaceOrientations_iPhone = "UIInterfaceOrientationPortrait UIInterfaceOrientationLandscapeLeft UIInterfaceOrientationLandscapeRight";
				LD_RUNPATH_SEARCH_PATHS = (
					"$(inherited)",
					"@executable_path/Frameworks",
				);
				MARKETING_VERSION = 1.0;
				PRODUCT_BUNDLE_IDENTIFIER = "resoul.arlnc-iOS";
				PRODUCT_NAME = "$(TARGET_NAME)";
				SUPPORTED_PLATFORMS = "iphoneos iphonesimulator";
				SUPPORTS_MACCATALYST = NO;
				SUPPORTS_MAC_DESIGNED_FOR_IPHONE_IPAD = NO;
				SUPPORTS_XR_DESIGNED_FOR_IPHONE_IPAD = NO;
				SWIFT_EMIT_LOC_STRINGS = YES;
				SWIFT_VERSION = 5.0;
				TARGETED_DEVICE_FAMILY = "1,2";
			};
			name = Debug;
		};
		89DF25BA2B93496C00BF8F21 /* Release */ = {
			isa = XCBuildConfiguration;
			buildSettings = {
				ASSETCATALOG_COMPILER_APPICON_NAME = AppIcon;
				ASSETCATALOG_COMPILER_GLOBAL_ACCENT_COLOR_NAME = AccentColor;
				CODE_SIGN_STYLE = Automatic;
				CURRENT_PROJECT_VERSION = 1;
				DEVELOPMENT_TEAM = K682D44QJG;
				GENERATE_INFOPLIST_FILE = YES;
				INFOPLIST_FILE = "arlnc-iOS/App/Resource/Info.plist";
				INFOPLIST_KEY_UIApplicationSupportsIndirectInputEvents = YES;
				INFOPLIST_KEY_UILaunchStoryboardName = LaunchScreen;
				INFOPLIST_KEY_UISupportedInterfaceOrientations_iPad = "UIInterfaceOrientationPortrait UIInterfaceOrientationPortraitUpsideDown UIInterfaceOrientationLandscapeLeft UIInterfaceOrientationLandscapeRight";
				INFOPLIST_KEY_UISupportedInterfaceOrientations_iPhone = "UIInterfaceOrientationPortrait UIInterfaceOrientationLandscapeLeft UIInterfaceOrientationLandscapeRight";
				LD_RUNPATH_SEARCH_PATHS = (
					"$(inherited)",
					"@executable_path/Frameworks",
				);
				MARKETING_VERSION = 1.0;
				PRODUCT_BUNDLE_IDENTIFIER = "resoul.arlnc-iOS";
				PRODUCT_NAME = "$(TARGET_NAME)";
				SUPPORTED_PLATFORMS = "iphoneos iphonesimulator";
				SUPPORTS_MACCATALYST = NO;
				SUPPORTS_MAC_DESIGNED_FOR_IPHONE_IPAD = NO;
				SUPPORTS_XR_DESIGNED_FOR_IPHONE_IPAD = NO;
				SWIFT_EMIT_LOC_STRINGS = YES;
				SWIFT_VERSION = 5.0;
				TARGETED_DEVICE_FAMILY = "1,2";
			};
			name = Release;
		};
/* End XCBuildConfiguration section */

/* Begin XCConfigurationList section */
		89DF259F2B93496B00BF8F21 /* Build configuration list for PBXProject "arlnc-iOS" */ = {
			isa = XCConfigurationList;
			buildConfigurations = (
				89DF25B62B93496C00BF8F21 /* Debug */,
				89DF25B72B93496C00BF8F21 /* Release */,
			);
			defaultConfigurationIsVisible = 0;
			defaultConfigurationName = Release;
		};
		89DF25B82B93496C00BF8F21 /* Build configuration list for PBXNativeTarget "arlnc-iOS" */ = {
			isa = XCConfigurationList;
			buildConfigurations = (
				89DF25B92B93496C00BF8F21 /* Debug */,
				89DF25BA2B93496C00BF8F21 /* Release */,
			);
			defaultConfigurationIsVisible = 0;
			defaultConfigurationName = Release;
		};
/* End XCConfigurationList section */
	};
	rootObject = 89DF259C2B93496B00BF8F21 /* Project object */;
}
